
Microsoft Visual Studio Solution File, Format Version 12.00
# Visual Studio Version 16
VisualStudioVersion = 16.0.31829.152
MinimumVisualStudioVersion = 10.0.40219.1
Project("{8BC9CEB8-8B4A-11D0-8D11-00A0C91BC942}") = "Lab_6.4_oop", "Lab_6.4_oop.vcxproj", "{D780C932-913D-4B65-AEA1-067C169D0D3F}"
EndProject
Project("{8BC9CEB8-8B4A-11D0-8D11-00A0C91BC942}") = "UnitTest1", "..\UnitTest1\UnitTest1.vcxproj", "{DA45387A-B625-4419-BFCB-3C6D6D33B728}"
EndProject
Global
	GlobalSection(SolutionConfigurationPlatforms) = preSolution
		Debug|x64 = Debug|x64
		Debug|x86 = Debug|x86
		Release|x64 = Release|x64
		Release|x86 = Release|x86
	EndGlobalSection
	GlobalSection(ProjectConfigurationPlatforms) = postSolution
		{D780C932-913D-4B65-AEA1-067C169D0D3F}.Debug|x64.ActiveCfg = Debug|x64
		{D780C932-913D-4B65-AEA1-067C169D0D3F}.Debug|x64.Build.0 = Debug|x64
		{D780C932-913D-4B65-AEA1-067C169D0D3F}.Debug|x86.ActiveCfg = Debug|Win32
		{D780C932-913D-4B65-AEA1-067C169D0D3F}.Debug|x86.Build.0 = Debug|Win32
		{D780C932-913D-4B65-AEA1-067C169D0D3F}.Release|x64.ActiveCfg = Release|x64
		{D780C932-913D-4B65-AEA1-067C169D0D3F}.Release|x64.Build.0 = Release|x64
		{D780C932-913D-4B65-AEA1-067C169D0D3F}.Release|x86.ActiveCfg = Release|Win32
		{D780C932-913D-4B65-AEA1-067C169D0D3F}.Release|x86.Build.0 = Release|Win32
		{DA45387A-B625-4419-BFCB-3C6D6D33B728}.Debug|x64.ActiveCfg = Debug|x64
		{DA45387A-B625-4419-BFCB-3C6D6D33B728}.Debug|x64.Build.0 = Debug|x64
		{DA45387A-B625-4419-BFCB-3C6D6D33B728}.Debug|x86.ActiveCfg = Debug|Win32
		{DA45387A-B625-4419-BFCB-3C6D6D33B728}.Debug|x86.Build.0 = Debug|Win32
		{DA45387A-B625-4419-BFCB-3C6D6D33B728}.Release|x64.ActiveCfg = Release|x64
		{DA45387A-B625-4419-BFCB-3C6D6D33B728}.Release|x64.Build.0 = Release|x64
		{DA45387A-B625-4419-BFCB-3C6D6D33B728}.Release|x86.ActiveCfg = Release|Win32
		{DA45387A-B625-4419-BFCB-3C6D6D33B728}.Release|x86.Build.0 = Release|Win32
	EndGlobalSection
	GlobalSection(SolutionProperties) = preSolution
		HideSolutionNode = FALSE
	EndGlobalSection
	GlobalSection(ExtensibilityGlobals) = postSolution
		SolutionGuid = {F348427C-5FA2-42C5-8DD2-5BEA6C996BA0}
	EndGlobalSection
EndGlobal
